PODS:
  - Masonry (1.1.0)
  - PTSegmentedControl (0.0.1):
    - Masonry

DEPENDENCIES:
  - Masonry
  - PTSegmentedControl (from `../`)

EXTERNAL SOURCES:
  PTSegmentedControl:
    :git: ../

CHECKOUT OPTIONS:
  PTSegmentedControl:
    :commit: 80def9a595e194884ada0f3bd5d1bf08dfaa16a1
    :git: ../

SPEC CHECKSUMS:
  Masonry: 678fab65091a9290e40e2832a55e7ab731aad201
  PTSegmentedControl: c606af221afd9700dfae04a9188517a92bf73043

PODFILE CHECKSUM: 53c4bd95be5e90432b882ffa2f2e1acbbb902b98

COCOAPODS: 1.4.0
